// !$*UTF8*$!
{
	archiveVersion = 1;
	classes = {
	};
	objectVersion = 56;
	objects = {

/* Begin PBXBuildFile section */
		4C13BF622AFD206200C29950 /* ApplicationView.swift in Sources */ = {isa = PBXBuildFile; fileRef = 4C13BF612AFD206200C29950 /* ApplicationView.swift */; };
		4C13BF642AFD214100C29950 /* AuthenticationView.swift in Sources */ = {isa = PBXBuildFile; fileRef = 4C13BF632AFD214100C29950 /* AuthenticationView.swift */; };
		4C13BF662AFD221C00C29950 /* ExtentionsView.swift in Sources */ = {isa = PBXBuildFile; fileRef = 4C13BF652AFD221C00C29950 /* ExtentionsView.swift */; };
		4C13BF682AFD227600C29950 /* ResourcesView.swift in Sources */ = {isa = PBXBuildFile; fileRef = 4C13BF672AFD227600C29950 /* ResourcesView.swift */; };
		4C13BF6A2B02279E00C29950 /* CommunityView.swift in Sources */ = {isa = PBXBuildFile; fileRef = 4C13BF692B02279E00C29950 /* CommunityView.swift */; };
		4C13BF6C2B022A4400C29950 /* ChatMessageDataModel.swift in Sources */ = {isa = PBXBuildFile; fileRef = 4C13BF6B2B022A4400C29950 /* ChatMessageDataModel.swift */; };
		4C13BF6F2B025C1D00C29950 /* ExyteChat in Frameworks */ = {isa = PBXBuildFile; productRef = 4C13BF6E2B025C1D00C29950 /* ExyteChat */; };
		4C13BF712B03E1AF00C29950 /* AccountMenuView.swift in Sources */ = {isa = PBXBuildFile; fileRef = 4C13BF702B03E1AF00C29950 /* AccountMenuView.swift */; };
		4C13BF732B03E22300C29950 /* AccountLogsView.swift in Sources */ = {isa = PBXBuildFile; fileRef = 4C13BF722B03E22300C29950 /* AccountLogsView.swift */; };
		4C13BF752B03E23600C29950 /* AccountDetailsView.swift in Sources */ = {isa = PBXBuildFile; fileRef = 4C13BF742B03E23600C29950 /* AccountDetailsView.swift */; };
		4C13BF772B03E24900C29950 /* AdminPanelView.swift in Sources */ = {isa = PBXBuildFile; fileRef = 4C13BF762B03E24900C29950 /* AdminPanelView.swift */; };
		4C13BF792B04DBF700C29950 /* LogDataModel.swift in Sources */ = {isa = PBXBuildFile; fileRef = 4C13BF782B04DBF700C29950 /* LogDataModel.swift */; };
		4CA9D8182AF05CB40076FDD2 /* blitzware_iosApp.swift in Sources */ = {isa = PBXBuildFile; fileRef = 4CA9D8172AF05CB40076FDD2 /* blitzware_iosApp.swift */; };
		4CA9D81C2AF05CB60076FDD2 /* Assets.xcassets in Resources */ = {isa = PBXBuildFile; fileRef = 4CA9D81B2AF05CB60076FDD2 /* Assets.xcassets */; };
		4CA9D81F2AF05CB60076FDD2 /* Preview Assets.xcassets in Resources */ = {isa = PBXBuildFile; fileRef = 4CA9D81E2AF05CB60076FDD2 /* Preview Assets.xcassets */; };
		4CA9D8272AF0735D0076FDD2 /* ContentView.swift in Sources */ = {isa = PBXBuildFile; fileRef = 4CA9D8262AF0735D0076FDD2 /* ContentView.swift */; };
		4CA9D8392AF245DC0076FDD2 /* AccountDataModel.swift in Sources */ = {isa = PBXBuildFile; fileRef = 4CA9D8382AF245DC0076FDD2 /* AccountDataModel.swift */; };
		4CA9D83B2AF247060076FDD2 /* ApplicationDataModel.swift in Sources */ = {isa = PBXBuildFile; fileRef = 4CA9D83A2AF247060076FDD2 /* ApplicationDataModel.swift */; };
		4CA9D83D2AF247490076FDD2 /* ErrorDataModel.swift in Sources */ = {isa = PBXBuildFile; fileRef = 4CA9D83C2AF247490076FDD2 /* ErrorDataModel.swift */; };
		4CA9D8432AF24E5F0076FDD2 /* RequestState.swift in Sources */ = {isa = PBXBuildFile; fileRef = 4CA9D8422AF24E5F0076FDD2 /* RequestState.swift */; };
		4CA9D8452AF2DE410076FDD2 /* AppViewModel.swift in Sources */ = {isa = PBXBuildFile; fileRef = 4CA9D8442AF2DE410076FDD2 /* AppViewModel.swift */; };
		4CE9FAA52B08C81F009E38E4 /* ApplicationDetailView.swift in Sources */ = {isa = PBXBuildFile; fileRef = 4CE9FAA42B08C81F009E38E4 /* ApplicationDetailView.swift */; };
/* End PBXBuildFile section */

/* Begin PBXFileReference section */
		4C13BF612AFD206200C29950 /* ApplicationView.swift */ = {isa = PBXFileReference; lastKnownFileType = sourcecode.swift; path = ApplicationView.swift; sourceTree = "<group>"; };
		4C13BF632AFD214100C29950 /* AuthenticationView.swift */ = {isa = PBXFileReference; lastKnownFileType = sourcecode.swift; path = AuthenticationView.swift; sourceTree = "<group>"; };
		4C13BF652AFD221C00C29950 /* ExtentionsView.swift */ = {isa = PBXFileReference; lastKnownFileType = sourcecode.swift; path = ExtentionsView.swift; sourceTree = "<group>"; };
		4C13BF672AFD227600C29950 /* ResourcesView.swift */ = {isa = PBXFileReference; lastKnownFileType = sourcecode.swift; path = ResourcesView.swift; sourceTree = "<group>"; };
		4C13BF692B02279E00C29950 /* CommunityView.swift */ = {isa = PBXFileReference; lastKnownFileType = sourcecode.swift; path = CommunityView.swift; sourceTree = "<group>"; };
		4C13BF6B2B022A4400C29950 /* ChatMessageDataModel.swift */ = {isa = PBXFileReference; lastKnownFileType = sourcecode.swift; path = ChatMessageDataModel.swift; sourceTree = "<group>"; };
		4C13BF702B03E1AF00C29950 /* AccountMenuView.swift */ = {isa = PBXFileReference; lastKnownFileType = sourcecode.swift; path = AccountMenuView.swift; sourceTree = "<group>"; };
		4C13BF722B03E22300C29950 /* AccountLogsView.swift */ = {isa = PBXFileReference; lastKnownFileType = sourcecode.swift; path = AccountLogsView.swift; sourceTree = "<group>"; };
		4C13BF742B03E23600C29950 /* AccountDetailsView.swift */ = {isa = PBXFileReference; lastKnownFileType = sourcecode.swift; path = AccountDetailsView.swift; sourceTree = "<group>"; };
		4C13BF762B03E24900C29950 /* AdminPanelView.swift */ = {isa = PBXFileReference; lastKnownFileType = sourcecode.swift; path = AdminPanelView.swift; sourceTree = "<group>"; };
		4C13BF782B04DBF700C29950 /* LogDataModel.swift */ = {isa = PBXFileReference; lastKnownFileType = sourcecode.swift; path = LogDataModel.swift; sourceTree = "<group>"; };
		4CA9D8142AF05CB40076FDD2 /* blitzware-ios.app */ = {isa = PBXFileReference; explicitFileType = wrapper.application; includeInIndex = 0; path = "blitzware-ios.app"; sourceTree = BUILT_PRODUCTS_DIR; };
		4CA9D8172AF05CB40076FDD2 /* blitzware_iosApp.swift */ = {isa = PBXFileReference; lastKnownFileType = sourcecode.swift; path = blitzware_iosApp.swift; sourceTree = "<group>"; };
		4CA9D81B2AF05CB60076FDD2 /* Assets.xcassets */ = {isa = PBXFileReference; lastKnownFileType = folder.assetcatalog; path = Assets.xcassets; sourceTree = "<group>"; };
		4CA9D81E2AF05CB60076FDD2 /* Preview Assets.xcassets */ = {isa = PBXFileReference; lastKnownFileType = folder.assetcatalog; path = "Preview Assets.xcassets"; sourceTree = "<group>"; };
		4CA9D8262AF0735D0076FDD2 /* ContentView.swift */ = {isa = PBXFileReference; lastKnownFileType = sourcecode.swift; path = ContentView.swift; sourceTree = "<group>"; };
		4CA9D8382AF245DC0076FDD2 /* AccountDataModel.swift */ = {isa = PBXFileReference; lastKnownFileType = sourcecode.swift; path = AccountDataModel.swift; sourceTree = "<group>"; };
		4CA9D83A2AF247060076FDD2 /* ApplicationDataModel.swift */ = {isa = PBXFileReference; lastKnownFileType = sourcecode.swift; path = ApplicationDataModel.swift; sourceTree = "<group>"; };
		4CA9D83C2AF247490076FDD2 /* ErrorDataModel.swift */ = {isa = PBXFileReference; lastKnownFileType = sourcecode.swift; path = ErrorDataModel.swift; sourceTree = "<group>"; };
		4CA9D8422AF24E5F0076FDD2 /* RequestState.swift */ = {isa = PBXFileReference; lastKnownFileType = sourcecode.swift; path = RequestState.swift; sourceTree = "<group>"; };
		4CA9D8442AF2DE410076FDD2 /* AppViewModel.swift */ = {isa = PBXFileReference; lastKnownFileType = sourcecode.swift; path = AppViewModel.swift; sourceTree = "<group>"; };
		4CE9FAA42B08C81F009E38E4 /* ApplicationDetailView.swift */ = {isa = PBXFileReference; lastKnownFileType = sourcecode.swift; path = ApplicationDetailView.swift; sourceTree = "<group>"; };
/* End PBXFileReference section */

/* Begin PBXFrameworksBuildPhase section */
		4CA9D8112AF05CB40076FDD2 /* Frameworks */ = {
			isa = PBXFrameworksBuildPhase;
			buildActionMask = 2147483647;
			files = (
				4C13BF6F2B025C1D00C29950 /* ExyteChat in Frameworks */,
			);
			runOnlyForDeploymentPostprocessing = 0;
		};
/* End PBXFrameworksBuildPhase section */

/* Begin PBXGroup section */
		4C13BF7C2B05418300C29950 /* Assets */ = {
			isa = PBXGroup;
			children = (
			);
			path = Assets;
			sourceTree = "<group>";
		};
		4CA9D80B2AF05CB40076FDD2 = {
			isa = PBXGroup;
			children = (
				4CA9D8162AF05CB40076FDD2 /* blitzware-ios */,
				4CA9D8152AF05CB40076FDD2 /* Products */,
			);
			sourceTree = "<group>";
		};
		4CA9D8152AF05CB40076FDD2 /* Products */ = {
			isa = PBXGroup;
			children = (
				4CA9D8142AF05CB40076FDD2 /* blitzware-ios.app */,
			);
			name = Products;
			sourceTree = "<group>";
		};
		4CA9D8162AF05CB40076FDD2 /* blitzware-ios */ = {
			isa = PBXGroup;
			children = (
				4C13BF7C2B05418300C29950 /* Assets */,
				4CA9D8412AF24E350076FDD2 /* Enums */,
				4CA9D8372AF245B00076FDD2 /* Models */,
				4CA9D83E2AF247DC0076FDD2 /* ViewModels */,
				4CA9D8462AF2E5710076FDD2 /* Views */,
				4CA9D8172AF05CB40076FDD2 /* blitzware_iosApp.swift */,
				4CA9D81B2AF05CB60076FDD2 /* Assets.xcassets */,
				4CA9D81D2AF05CB60076FDD2 /* Preview Content */,
			);
			path = "blitzware-ios";
			sourceTree = "<group>";
		};
		4CA9D81D2AF05CB60076FDD2 /* Preview Content */ = {
			isa = PBXGroup;
			children = (
				4CA9D81E2AF05CB60076FDD2 /* Preview Assets.xcassets */,
			);
			path = "Preview Content";
			sourceTree = "<group>";
		};
		4CA9D8372AF245B00076FDD2 /* Models */ = {
			isa = PBXGroup;
			children = (
				4CA9D8382AF245DC0076FDD2 /* AccountDataModel.swift */,
				4CA9D83A2AF247060076FDD2 /* ApplicationDataModel.swift */,
				4CA9D83C2AF247490076FDD2 /* ErrorDataModel.swift */,
				4C13BF6B2B022A4400C29950 /* ChatMessageDataModel.swift */,
				4C13BF782B04DBF700C29950 /* LogDataModel.swift */,
			);
			path = Models;
			sourceTree = "<group>";
		};
		4CA9D83E2AF247DC0076FDD2 /* ViewModels */ = {
			isa = PBXGroup;
			children = (
				4CA9D8442AF2DE410076FDD2 /* AppViewModel.swift */,
			);
			path = ViewModels;
			sourceTree = "<group>";
		};
		4CA9D8412AF24E350076FDD2 /* Enums */ = {
			isa = PBXGroup;
			children = (
				4CA9D8422AF24E5F0076FDD2 /* RequestState.swift */,
			);
			path = Enums;
			sourceTree = "<group>";
		};
		4CA9D8462AF2E5710076FDD2 /* Views */ = {
			isa = PBXGroup;
			children = (
				4CA9D8262AF0735D0076FDD2 /* ContentView.swift */,
				4C13BF612AFD206200C29950 /* ApplicationView.swift */,
				4CE9FAA42B08C81F009E38E4 /* ApplicationDetailView.swift */,
				4C13BF632AFD214100C29950 /* AuthenticationView.swift */,
				4C13BF652AFD221C00C29950 /* ExtentionsView.swift */,
				4C13BF672AFD227600C29950 /* ResourcesView.swift */,
				4C13BF692B02279E00C29950 /* CommunityView.swift */,
				4C13BF702B03E1AF00C29950 /* AccountMenuView.swift */,
				4C13BF722B03E22300C29950 /* AccountLogsView.swift */,
				4C13BF742B03E23600C29950 /* AccountDetailsView.swift */,
				4C13BF762B03E24900C29950 /* AdminPanelView.swift */,
			);
			path = Views;
			sourceTree = "<group>";
		};
/* End PBXGroup section */

/* Begin PBXNativeTarget section */
		4CA9D8132AF05CB40076FDD2 /* blitzware-ios */ = {
			isa = PBXNativeTarget;
			buildConfigurationList = 4CA9D8222AF05CB60076FDD2 /* Build configuration list for PBXNativeTarget "blitzware-ios" */;
			buildPhases = (
				4CA9D8102AF05CB40076FDD2 /* Sources */,
				4CA9D8112AF05CB40076FDD2 /* Frameworks */,
				4CA9D8122AF05CB40076FDD2 /* Resources */,
			);
			buildRules = (
			);
			dependencies = (
			);
			name = "blitzware-ios";
			packageProductDependencies = (
				4C13BF6E2B025C1D00C29950 /* ExyteChat */,
			);
			productName = "blitzware-ios";
			productReference = 4CA9D8142AF05CB40076FDD2 /* blitzware-ios.app */;
			productType = "com.apple.product-type.application";
		};
/* End PBXNativeTarget section */

/* Begin PBXProject section */
		4CA9D80C2AF05CB40076FDD2 /* Project object */ = {
			isa = PBXProject;
			attributes = {
				BuildIndependentTargetsInParallel = 1;
				LastSwiftUpdateCheck = 1500;
				LastUpgradeCheck = 1500;
				TargetAttributes = {
					4CA9D8132AF05CB40076FDD2 = {
						CreatedOnToolsVersion = 15.0.1;
					};
				};
			};
			buildConfigurationList = 4CA9D80F2AF05CB40076FDD2 /* Build configuration list for PBXProject "blitzware-ios" */;
			compatibilityVersion = "Xcode 14.0";
			developmentRegion = en;
			hasScannedForEncodings = 0;
			knownRegions = (
				en,
				Base,
			);
			mainGroup = 4CA9D80B2AF05CB40076FDD2;
			packageReferences = (
				4C13BF6D2B025C1D00C29950 /* XCRemoteSwiftPackageReference "Chat" */,
			);
			productRefGroup = 4CA9D8152AF05CB40076FDD2 /* Products */;
			projectDirPath = "";
			projectRoot = "";
			targets = (
				4CA9D8132AF05CB40076FDD2 /* blitzware-ios */,
			);
		};
/* End PBXProject section */

/* Begin PBXResourcesBuildPhase section */
		4CA9D8122AF05CB40076FDD2 /* Resources */ = {
			isa = PBXResourcesBuildPhase;
			buildActionMask = 2147483647;
			files = (
				4CA9D81F2AF05CB60076FDD2 /* Preview Assets.xcassets in Resources */,
				4CA9D81C2AF05CB60076FDD2 /* Assets.xcassets in Resources */,
			);
			runOnlyForDeploymentPostprocessing = 0;
		};
/* End PBXResourcesBuildPhase section */

/* Begin PBXSourcesBuildPhase section */
		4CA9D8102AF05CB40076FDD2 /* Sources */ = {
			isa = PBXSourcesBuildPhase;
			buildActionMask = 2147483647;
			files = (
				4CA9D83B2AF247060076FDD2 /* ApplicationDataModel.swift in Sources */,
				4C13BF752B03E23600C29950 /* AccountDetailsView.swift in Sources */,
				4C13BF792B04DBF700C29950 /* LogDataModel.swift in Sources */,
				4C13BF662AFD221C00C29950 /* ExtentionsView.swift in Sources */,
				4C13BF6C2B022A4400C29950 /* ChatMessageDataModel.swift in Sources */,
				4C13BF6A2B02279E00C29950 /* CommunityView.swift in Sources */,
				4CA9D8392AF245DC0076FDD2 /* AccountDataModel.swift in Sources */,
				4C13BF682AFD227600C29950 /* ResourcesView.swift in Sources */,
				4CA9D8272AF0735D0076FDD2 /* ContentView.swift in Sources */,
				4CA9D8452AF2DE410076FDD2 /* AppViewModel.swift in Sources */,
				4CA9D8182AF05CB40076FDD2 /* blitzware_iosApp.swift in Sources */,
				4C13BF772B03E24900C29950 /* AdminPanelView.swift in Sources */,
				4CE9FAA52B08C81F009E38E4 /* ApplicationDetailView.swift in Sources */,
				4C13BF642AFD214100C29950 /* AuthenticationView.swift in Sources */,
				4CA9D83D2AF247490076FDD2 /* ErrorDataModel.swift in Sources */,
				4C13BF712B03E1AF00C29950 /* AccountMenuView.swift in Sources */,
				4CA9D8432AF24E5F0076FDD2 /* RequestState.swift in Sources */,
				4C13BF732B03E22300C29950 /* AccountLogsView.swift in Sources */,
				4C13BF622AFD206200C29950 /* ApplicationView.swift in Sources */,
			);
			runOnlyForDeploymentPostprocessing = 0;
		};
/* End PBXSourcesBuildPhase section */

/* Begin XCBuildConfiguration section */
		4CA9D8202AF05CB60076FDD2 /* Debug */ = {
			isa = XCBuildConfiguration;
			buildSettings = {
				ALWAYS_SEARCH_USER_PATHS = NO;
				ASSETCATALOG_COMPILER_GENERATE_SWIFT_ASSET_SYMBOL_EXTENSIONS = YES;
				CLANG_ANALYZER_NONNULL = YES;
				CLANG_ANALYZER_NUMBER_OBJECT_CONVERSION = YES_AGGRESSIVE;
				CLANG_CXX_LANGUAGE_STANDARD = "gnu++20";
				CLANG_ENABLE_MODULES = YES;
				CLANG_ENABLE_OBJC_ARC = YES;
				CLANG_ENABLE_OBJC_WEAK = YES;
				CLANG_WARN_BLOCK_CAPTURE_AUTORELEASING = YES;
				CLANG_WARN_BOOL_CONVERSION = YES;
				CLANG_WARN_COMMA = YES;
				CLANG_WARN_CONSTANT_CONVERSION = YES;
				CLANG_WARN_DEPRECATED_OBJC_IMPLEMENTATIONS = YES;
				CLANG_WARN_DIRECT_OBJC_ISA_USAGE = YES_ERROR;
				CLANG_WARN_DOCUMENTATION_COMMENTS = YES;
				CLANG_WARN_EMPTY_BODY = YES;
				CLANG_WARN_ENUM_CONVERSION = YES;
				CLANG_WARN_INFINITE_RECURSION = YES;
				CLANG_WARN_INT_CONVERSION = YES;
				CLANG_WARN_NON_LITERAL_NULL_CONVERSION = YES;
				CLANG_WARN_OBJC_IMPLICIT_RETAIN_SELF = YES;
				CLANG_WARN_OBJC_LITERAL_CONVERSION = YES;
				CLANG_WARN_OBJC_ROOT_CLASS = YES_ERROR;
				CLANG_WARN_QUOTED_INCLUDE_IN_FRAMEWORK_HEADER = YES;
				CLANG_WARN_RANGE_LOOP_ANALYSIS = YES;
				CLANG_WARN_STRICT_PROTOTYPES = YES;
				CLANG_WARN_SUSPICIOUS_MOVE = YES;
				CLANG_WARN_UNGUARDED_AVAILABILITY = YES_AGGRESSIVE;
				CLANG_WARN_UNREACHABLE_CODE = YES;
				CLANG_WARN__DUPLICATE_METHOD_MATCH = YES;
				COPY_PHASE_STRIP = NO;
				DEBUG_INFORMATION_FORMAT = dwarf;
				ENABLE_STRICT_OBJC_MSGSEND = YES;
				ENABLE_TESTABILITY = YES;
				ENABLE_USER_SCRIPT_SANDBOXING = YES;
				GCC_C_LANGUAGE_STANDARD = gnu17;
				GCC_DYNAMIC_NO_PIC = NO;
				GCC_NO_COMMON_BLOCKS = YES;
				GCC_OPTIMIZATION_LEVEL = 0;
				GCC_PREPROCESSOR_DEFINITIONS = (
					"DEBUG=1",
					"$(inherited)",
				);
				GCC_WARN_64_TO_32_BIT_CONVERSION = YES;
				GCC_WARN_ABOUT_RETURN_TYPE = YES_ERROR;
				GCC_WARN_UNDECLARED_SELECTOR = YES;
				GCC_WARN_UNINITIALIZED_AUTOS = YES_AGGRESSIVE;
				GCC_WARN_UNUSED_FUNCTION = YES;
				GCC_WARN_UNUSED_VARIABLE = YES;
				IPHONEOS_DEPLOYMENT_TARGET = 17.0;
				LOCALIZATION_PREFERS_STRING_CATALOGS = YES;
				MTL_ENABLE_DEBUG_INFO = INCLUDE_SOURCE;
				MTL_FAST_MATH = YES;
				ONLY_ACTIVE_ARCH = YES;
				SDKROOT = iphoneos;
				SWIFT_ACTIVE_COMPILATION_CONDITIONS = "DEBUG $(inherited)";
				SWIFT_OPTIMIZATION_LEVEL = "-Onone";
			};
			name = Debug;
		};
		4CA9D8212AF05CB60076FDD2 /* Release */ = {
			isa = XCBuildConfiguration;
			buildSettings = {
				ALWAYS_SEARCH_USER_PATHS = NO;
				ASSETCATALOG_COMPILER_GENERATE_SWIFT_ASSET_SYMBOL_EXTENSIONS = YES;
				CLANG_ANALYZER_NONNULL = YES;
				CLANG_ANALYZER_NUMBER_OBJECT_CONVERSION = YES_AGGRESSIVE;
				CLANG_CXX_LANGUAGE_STANDARD = "gnu++20";
				CLANG_ENABLE_MODULES = YES;
				CLANG_ENABLE_OBJC_ARC = YES;
				CLANG_ENABLE_OBJC_WEAK = YES;
				CLANG_WARN_BLOCK_CAPTURE_AUTORELEASING = YES;
				CLANG_WARN_BOOL_CONVERSION = YES;
				CLANG_WARN_COMMA = YES;
				CLANG_WARN_CONSTANT_CONVERSION = YES;
				CLANG_WARN_DEPRECATED_OBJC_IMPLEMENTATIONS = YES;
				CLANG_WARN_DIRECT_OBJC_ISA_USAGE = YES_ERROR;
				CLANG_WARN_DOCUMENTATION_COMMENTS = YES;
				CLANG_WARN_EMPTY_BODY = YES;
				CLANG_WARN_ENUM_CONVERSION = YES;
				CLANG_WARN_INFINITE_RECURSION = YES;
				CLANG_WARN_INT_CONVERSION = YES;
				CLANG_WARN_NON_LITERAL_NULL_CONVERSION = YES;
				CLANG_WARN_OBJC_IMPLICIT_RETAIN_SELF = YES;
				CLANG_WARN_OBJC_LITERAL_CONVERSION = YES;
				CLANG_WARN_OBJC_ROOT_CLASS = YES_ERROR;
				CLANG_WARN_QUOTED_INCLUDE_IN_FRAMEWORK_HEADER = YES;
				CLANG_WARN_RANGE_LOOP_ANALYSIS = YES;
				CLANG_WARN_STRICT_PROTOTYPES = YES;
				CLANG_WARN_SUSPICIOUS_MOVE = YES;
				CLANG_WARN_UNGUARDED_AVAILABILITY = YES_AGGRESSIVE;
				CLANG_WARN_UNREACHABLE_CODE = YES;
				CLANG_WARN__DUPLICATE_METHOD_MATCH = YES;
				COPY_PHASE_STRIP = NO;
				DEBUG_INFORMATION_FORMAT = "dwarf-with-dsym";
				ENABLE_NS_ASSERTIONS = NO;
				ENABLE_STRICT_OBJC_MSGSEND = YES;
				ENABLE_USER_SCRIPT_SANDBOXING = YES;
				GCC_C_LANGUAGE_STANDARD = gnu17;
				GCC_NO_COMMON_BLOCKS = YES;
				GCC_WARN_64_TO_32_BIT_CONVERSION = YES;
				GCC_WARN_ABOUT_RETURN_TYPE = YES_ERROR;
				GCC_WARN_UNDECLARED_SELECTOR = YES;
				GCC_WARN_UNINITIALIZED_AUTOS = YES_AGGRESSIVE;
				GCC_WARN_UNUSED_FUNCTION = YES;
				GCC_WARN_UNUSED_VARIABLE = YES;
				IPHONEOS_DEPLOYMENT_TARGET = 17.0;
				LOCALIZATION_PREFERS_STRING_CATALOGS = YES;
				MTL_ENABLE_DEBUG_INFO = NO;
				MTL_FAST_MATH = YES;
				SDKROOT = iphoneos;
				SWIFT_COMPILATION_MODE = wholemodule;
				VALIDATE_PRODUCT = YES;
			};
			name = Release;
		};
		4CA9D8232AF05CB60076FDD2 /* Debug */ = {
			isa = XCBuildConfiguration;
			buildSettings = {
				ASSETCATALOG_COMPILER_APPICON_NAME = AppIcon;
				ASSETCATALOG_COMPILER_GLOBAL_ACCENT_COLOR_NAME = AccentColor;
				CODE_SIGN_STYLE = Automatic;
				CURRENT_PROJECT_VERSION = 1;
				DEVELOPMENT_ASSET_PATHS = "\"blitzware-ios/Preview Content\"";
				DEVELOPMENT_TEAM = 87S27HRU6L;
				ENABLE_PREVIEWS = YES;
				GENERATE_INFOPLIST_FILE = YES;
				INFOPLIST_KEY_UIApplicationSceneManifest_Generation = YES;
				INFOPLIST_KEY_UIApplicationSupportsIndirectInputEvents = YES;
				INFOPLIST_KEY_UILaunchScreen_Generation = YES;
				INFOPLIST_KEY_UISupportedInterfaceOrientations_iPad = "UIInterfaceOrientationPortrait UIInterfaceOrientationPortraitUpsideDown UIInterfaceOrientationLandscapeLeft UIInterfaceOrientationLandscapeRight";
				INFOPLIST_KEY_UISupportedInterfaceOrientations_iPhone = "UIInterfaceOrientationPortrait UIInterfaceOrientationLandscapeLeft UIInterfaceOrientationLandscapeRight";
				LD_RUNPATH_SEARCH_PATHS = (
					"$(inherited)",
					"@executable_path/Frameworks",
				);
				MARKETING_VERSION = 1.0;
				PRODUCT_BUNDLE_IDENTIFIER = "blitzware.blitzware-ios";
				PRODUCT_NAME = "$(TARGET_NAME)";
				SWIFT_EMIT_LOC_STRINGS = YES;
				SWIFT_VERSION = 5.0;
				TARGETED_DEVICE_FAMILY = "1,2";
			};
			name = Debug;
		};
		4CA9D8242AF05CB60076FDD2 /* Release */ = {
			isa = XCBuildConfiguration;
			buildSettings = {
				ASSETCATALOG_COMPILER_APPICON_NAME = AppIcon;
				ASSETCATALOG_COMPILER_GLOBAL_ACCENT_COLOR_NAME = AccentColor;
				CODE_SIGN_STYLE = Automatic;
				CURRENT_PROJECT_VERSION = 1;
				DEVELOPMENT_ASSET_PATHS = "\"blitzware-ios/Preview Content\"";
				DEVELOPMENT_TEAM = 87S27HRU6L;
				ENABLE_PREVIEWS = YES;
				GENERATE_INFOPLIST_FILE = YES;
				INFOPLIST_KEY_UIApplicationSceneManifest_Generation = YES;
				INFOPLIST_KEY_UIApplicationSupportsIndirectInputEvents = YES;
				INFOPLIST_KEY_UILaunchScreen_Generation = YES;
				INFOPLIST_KEY_UISupportedInterfaceOrientations_iPad = "UIInterfaceOrientationPortrait UIInterfaceOrientationPortraitUpsideDown UIInterfaceOrientationLandscapeLeft UIInterfaceOrientationLandscapeRight";
				INFOPLIST_KEY_UISupportedInterfaceOrientations_iPhone = "UIInterfaceOrientationPortrait UIInterfaceOrientationLandscapeLeft UIInterfaceOrientationLandscapeRight";
				LD_RUNPATH_SEARCH_PATHS = (
					"$(inherited)",
					"@executable_path/Frameworks",
				);
				MARKETING_VERSION = 1.0;
				PRODUCT_BUNDLE_IDENTIFIER = "blitzware.blitzware-ios";
				PRODUCT_NAME = "$(TARGET_NAME)";
				SWIFT_EMIT_LOC_STRINGS = YES;
				SWIFT_VERSION = 5.0;
				TARGETED_DEVICE_FAMILY = "1,2";
			};
			name = Release;
		};
/* End XCBuildConfiguration section */

/* Begin XCConfigurationList section */
		4CA9D80F2AF05CB40076FDD2 /* Build configuration list for PBXProject "blitzware-ios" */ = {
			isa = XCConfigurationList;
			buildConfigurations = (
				4CA9D8202AF05CB60076FDD2 /* Debug */,
				4CA9D8212AF05CB60076FDD2 /* Release */,
			);
			defaultConfigurationIsVisible = 0;
			defaultConfigurationName = Release;
		};
		4CA9D8222AF05CB60076FDD2 /* Build configuration list for PBXNativeTarget "blitzware-ios" */ = {
			isa = XCConfigurationList;
			buildConfigurations = (
				4CA9D8232AF05CB60076FDD2 /* Debug */,
				4CA9D8242AF05CB60076FDD2 /* Release */,
			);
			defaultConfigurationIsVisible = 0;
			defaultConfigurationName = Release;
		};
/* End XCConfigurationList section */

/* Begin XCRemoteSwiftPackageReference section */
		4C13BF6D2B025C1D00C29950 /* XCRemoteSwiftPackageReference "Chat" */ = {
			isa = XCRemoteSwiftPackageReference;
			repositoryURL = "https://github.com/exyte/Chat.git";
			requirement = {
				kind = upToNextMajorVersion;
				minimumVersion = 1.2.3;
			};
		};
/* End XCRemoteSwiftPackageReference section */

/* Begin XCSwiftPackageProductDependency section */
		4C13BF6E2B025C1D00C29950 /* ExyteChat */ = {
			isa = XCSwiftPackageProductDependency;
			package = 4C13BF6D2B025C1D00C29950 /* XCRemoteSwiftPackageReference "Chat" */;
			productName = ExyteChat;
		};
/* End XCSwiftPackageProductDependency section */
	};
	rootObject = 4CA9D80C2AF05CB40076FDD2 /* Project object */;
}
